
Microsoft Visual Studio Solution File, Format Version 12.00
# Visual Studio Version 16
VisualStudioVersion = 16.0.29519.87
MinimumVisualStudioVersion = 10.0.40219.1
Project("{FAE04EC0-301F-11D3-BF4B-00C04F79EFBC}") = "aspnetcoredemo", "aspnetcoredemo\aspnetcoredemo.csproj", "{65CE0725-41E7-4469-9DAB-D924FEFD898D}"
EndProject
Project("{FAE04EC0-301F-11D3-BF4B-00C04F79EFBC}") = "BizLayer", "BizLayer\BizLayer.csproj", "{799351D2-1090-4CA9-8FFE-AC7AB63ECBB6}"
EndProject
Project("{FAE04EC0-301F-11D3-BF4B-00C04F79EFBC}") = "DAL", "DAL\DAL.csproj", "{491BF5B2-035A-41E1-AFFE-1D4C5C2037EE}"
EndProject
Global
	GlobalSection(SolutionConfigurationPlatforms) = preSolution
		Debug|Any CPU = Debug|Any CPU
		Release|Any CPU = Release|Any CPU
	EndGlobalSection
	GlobalSection(ProjectConfigurationPlatforms) = postSolution
		{65CE0725-41E7-4469-9DAB-D924FEFD898D}.Debug|Any CPU.ActiveCfg = Debug|Any CPU
		{65CE0725-41E7-4469-9DAB-D924FEFD898D}.Debug|Any CPU.Build.0 = Debug|Any CPU
		{65CE0725-41E7-4469-9DAB-D924FEFD898D}.Release|Any CPU.ActiveCfg = Release|Any CPU
		{65CE0725-41E7-4469-9DAB-D924FEFD898D}.Release|Any CPU.Build.0 = Release|Any CPU
		{799351D2-1090-4CA9-8FFE-AC7AB63ECBB6}.Debug|Any CPU.ActiveCfg = Debug|Any CPU
		{799351D2-1090-4CA9-8FFE-AC7AB63ECBB6}.Debug|Any CPU.Build.0 = Debug|Any CPU
		{799351D2-1090-4CA9-8FFE-AC7AB63ECBB6}.Release|Any CPU.ActiveCfg = Release|Any CPU
		{799351D2-1090-4CA9-8FFE-AC7AB63ECBB6}.Release|Any CPU.Build.0 = Release|Any CPU
		{491BF5B2-035A-41E1-AFFE-1D4C5C2037EE}.Debug|Any CPU.ActiveCfg = Debug|Any CPU
		{491BF5B2-035A-41E1-AFFE-1D4C5C2037EE}.Debug|Any CPU.Build.0 = Debug|Any CPU
		{491BF5B2-035A-41E1-AFFE-1D4C5C2037EE}.Release|Any CPU.ActiveCfg = Release|Any CPU
		{491BF5B2-035A-41E1-AFFE-1D4C5C2037EE}.Release|Any CPU.Build.0 = Release|Any CPU
	EndGlobalSection
	GlobalSection(SolutionProperties) = preSolution
		HideSolutionNode = FALSE
	EndGlobalSection
	GlobalSection(ExtensibilityGlobals) = postSolution
		SolutionGuid = {1075867F-081E-44F0-98A9-21463169F815}
	EndGlobalSection
EndGlobal
