
Microsoft Visual Studio Solution File, Format Version 12.00
# Visual Studio Version 16
VisualStudioVersion = 16.0.29613.14
MinimumVisualStudioVersion = 10.0.40219.1
Project("{FAE04EC0-301F-11D3-BF4B-00C04F79EFBC}") = "CoreWebAppln", "CoreWebAppln\CoreWebAppln.csproj", "{B8E625C4-7183-442A-A6FD-8C8A1952CE8B}"
EndProject
Global
	GlobalSection(SolutionConfigurationPlatforms) = preSolution
		Debug|Any CPU = Debug|Any CPU
		Release|Any CPU = Release|Any CPU
	EndGlobalSection
	GlobalSection(ProjectConfigurationPlatforms) = postSolution
		{B8E625C4-7183-442A-A6FD-8C8A1952CE8B}.Debug|Any CPU.ActiveCfg = Debug|Any CPU
		{B8E625C4-7183-442A-A6FD-8C8A1952CE8B}.Debug|Any CPU.Build.0 = Debug|Any CPU
		{B8E625C4-7183-442A-A6FD-8C8A1952CE8B}.Release|Any CPU.ActiveCfg = Release|Any CPU
		{B8E625C4-7183-442A-A6FD-8C8A1952CE8B}.Release|Any CPU.Build.0 = Release|Any CPU
	EndGlobalSection
	GlobalSection(SolutionProperties) = preSolution
		HideSolutionNode = FALSE
	EndGlobalSection
	GlobalSection(ExtensibilityGlobals) = postSolution
		SolutionGuid = {CC7D2C3C-9AFD-4491-97DB-58B7737CB382}
	EndGlobalSection
EndGlobal
